Microsoft Visual Studio Solution File, Format Version 12.00
# Visual Studio Version 17
VisualStudioVersion = 17.5.2.0
MinimumVisualStudioVersion = 10.0.40219.1
Project("{FAE04EC0-301F-11D3-BF4B-00C04F79EFBC}") = "ArqPay", "ArqPay.csproj", "{AB458F79-ED2D-F2AD-E364-087115A4C7E8}"
EndProject
Global
	GlobalSection(SolutionConfigurationPlatforms) = preSolution
		Debug|Any CPU = Debug|Any CPU
		Release|Any CPU = Release|Any CPU
	EndGlobalSection
	GlobalSection(ProjectConfigurationPlatforms) = postSolution
		{AB458F79-ED2D-F2AD-E364-087115A4C7E8}.Debug|Any CPU.ActiveCfg = Debug|Any CPU
		{AB458F79-ED2D-F2AD-E364-087115A4C7E8}.Debug|Any CPU.Build.0 = Debug|Any CPU
		{AB458F79-ED2D-F2AD-E364-087115A4C7E8}.Release|Any CPU.ActiveCfg = Release|Any CPU
		{AB458F79-ED2D-F2AD-E364-087115A4C7E8}.Release|Any CPU.Build.0 = Release|Any CPU
	EndGlobalSection
	GlobalSection(SolutionProperties) = preSolution
		HideSolutionNode = FALSE
	EndGlobalSection
	GlobalSection(ExtensibilityGlobals) = postSolution
		SolutionGuid = {C7F0FEFB-2927-49E0-B18A-0E67DFA1AACE}
	EndGlobalSection
EndGlobal
